
Microsoft Visual Studio Solution File, Format Version 12.00
# Visual Studio Version 17
VisualStudioVersion = 17.2.32616.157
MinimumVisualStudioVersion = 10.0.40219.1
Project("{9A19103F-16F7-4668-BE54-9A1E7A4F7556}") = "MindBox.TestTask", "MindBox.TestTask\MindBox.TestTask.csproj", "{7D6C4EAC-F877-4A1A-A499-8E854CF197C9}"
EndProject
Project("{9A19103F-16F7-4668-BE54-9A1E7A4F7556}") = "MindBox.TestTask.Tests", "MindBox.Tests\MindBox.TestTask.Tests.csproj", "{D7063A3A-17BC-4E19-94BA-0E0CD6BACBA2}"
EndProject
Global
	GlobalSection(SolutionConfigurationPlatforms) = preSolution
		Debug|Any CPU = Debug|Any CPU
		Release|Any CPU = Release|Any CPU
	EndGlobalSection
	GlobalSection(ProjectConfigurationPlatforms) = postSolution
		{7D6C4EAC-F877-4A1A-A499-8E854CF197C9}.Debug|Any CPU.ActiveCfg = Debug|Any CPU
		{7D6C4EAC-F877-4A1A-A499-8E854CF197C9}.Debug|Any CPU.Build.0 = Debug|Any CPU
		{7D6C4EAC-F877-4A1A-A499-8E854CF197C9}.Release|Any CPU.ActiveCfg = Release|Any CPU
		{7D6C4EAC-F877-4A1A-A499-8E854CF197C9}.Release|Any CPU.Build.0 = Release|Any CPU
		{D7063A3A-17BC-4E19-94BA-0E0CD6BACBA2}.Debug|Any CPU.ActiveCfg = Debug|Any CPU
		{D7063A3A-17BC-4E19-94BA-0E0CD6BACBA2}.Debug|Any CPU.Build.0 = Debug|Any CPU
		{D7063A3A-17BC-4E19-94BA-0E0CD6BACBA2}.Release|Any CPU.ActiveCfg = Release|Any CPU
		{D7063A3A-17BC-4E19-94BA-0E0CD6BACBA2}.Release|Any CPU.Build.0 = Release|Any CPU
	EndGlobalSection
	GlobalSection(SolutionProperties) = preSolution
		HideSolutionNode = FALSE
	EndGlobalSection
	GlobalSection(ExtensibilityGlobals) = postSolution
		SolutionGuid = {FFA3210E-B0CC-4146-A545-B25B485AB0BC}
	EndGlobalSection
EndGlobal
